// !$*UTF8*$!
{
	archiveVersion = 1;
	classes = {
	};
	objectVersion = 51;
	objects = {

/* Begin PBXBuildFile section */
		35BC01F1B9B8430BAE06A64B /* Pods_Habital.framework in Frameworks */ = {isa = PBXBuildFile; fileRef = F7845BAA0749EB37A0E9070C /* Pods_Habital.framework */; };
		534E16ACFEC8A2405532648C /* Pods_HabitalTests.framework in Frameworks */ = {isa = PBXBuildFile; fileRef = 89B6306BC88FB84B4D7F7965 /* Pods_HabitalTests.framework */; };
		DD9248C1B8FA71C21732CE45 /* Pods_Habital_HabitalUITests.framework in Frameworks */ = {isa = PBXBuildFile; fileRef = 5E5BE1A22BD0EE7069AE3DC6 /* Pods_Habital_HabitalUITests.framework */; };
		F26990C325FC6DFC00E37781 /* HabitalApp.swift in Sources */ = {isa = PBXBuildFile; fileRef = F26990C225FC6DFC00E37781 /* HabitalApp.swift */; };
		F26990C525FC6DFC00E37781 /* ContentView.swift in Sources */ = {isa = PBXBuildFile; fileRef = F26990C425FC6DFC00E37781 /* ContentView.swift */; };
		F26990C725FC6DFD00E37781 /* Assets.xcassets in Resources */ = {isa = PBXBuildFile; fileRef = F26990C625FC6DFD00E37781 /* Assets.xcassets */; };
		F26990CA25FC6DFD00E37781 /* Preview Assets.xcassets in Resources */ = {isa = PBXBuildFile; fileRef = F26990C925FC6DFD00E37781 /* Preview Assets.xcassets */; };
		F26990CC25FC6DFD00E37781 /* Persistence.swift in Sources */ = {isa = PBXBuildFile; fileRef = F26990CB25FC6DFD00E37781 /* Persistence.swift */; };
		F26990CF25FC6DFD00E37781 /* Habital.xcdatamodeld in Sources */ = {isa = PBXBuildFile; fileRef = F26990CD25FC6DFD00E37781 /* Habital.xcdatamodeld */; };
		F26990DA25FC6DFD00E37781 /* HabitalTests.swift in Sources */ = {isa = PBXBuildFile; fileRef = F26990D925FC6DFD00E37781 /* HabitalTests.swift */; };
		F26990E525FC6DFD00E37781 /* HabitalUITests.swift in Sources */ = {isa = PBXBuildFile; fileRef = F26990E425FC6DFD00E37781 /* HabitalUITests.swift */; };
		F269910D25FDAB2800E37781 /* Launch Screen.storyboard in Resources */ = {isa = PBXBuildFile; fileRef = F269910C25FDAB2800E37781 /* Launch Screen.storyboard */; };
		F285BC9E25FED33500DA9459 /* CreateVew.swift in Sources */ = {isa = PBXBuildFile; fileRef = F285BC9D25FED33500DA9459 /* CreateVew.swift */; };
/* End PBXBuildFile section */

/* Begin PBXContainerItemProxy section */
		F26990D625FC6DFD00E37781 /* PBXContainerItemProxy */ = {
			isa = PBXContainerItemProxy;
			containerPortal = F26990B725FC6DFC00E37781 /* Project object */;
			proxyType = 1;
			remoteGlobalIDString = F26990BE25FC6DFC00E37781;
			remoteInfo = Habital;
		};
		F26990E125FC6DFD00E37781 /* PBXContainerItemProxy */ = {
			isa = PBXContainerItemProxy;
			containerPortal = F26990B725FC6DFC00E37781 /* Project object */;
			proxyType = 1;
			remoteGlobalIDString = F26990BE25FC6DFC00E37781;
			remoteInfo = Habital;
		};
/* End PBXContainerItemProxy section */

/* Begin PBXFileReference section */
		43E96E17EBFE07A6B967A5F8 /* Pods-Habital.release.xcconfig */ = {isa = PBXFileReference; includeInIndex = 1; lastKnownFileType = text.xcconfig; name = "Pods-Habital.release.xcconfig"; path = "Target Support Files/Pods-Habital/Pods-Habital.release.xcconfig"; sourceTree = "<group>"; };
		5E5BE1A22BD0EE7069AE3DC6 /* Pods_Habital_HabitalUITests.framework */ = {isa = PBXFileReference; explicitFileType = wrapper.framework; includeInIndex = 0; path = Pods_Habital_HabitalUITests.framework; sourceTree = BUILT_PRODUCTS_DIR; };
		748FEE3813078D69C186E709 /* Pods-HabitalTests.release.xcconfig */ = {isa = PBXFileReference; includeInIndex = 1; lastKnownFileType = text.xcconfig; name = "Pods-HabitalTests.release.xcconfig"; path = "Target Support Files/Pods-HabitalTests/Pods-HabitalTests.release.xcconfig"; sourceTree = "<group>"; };
		89B6306BC88FB84B4D7F7965 /* Pods_HabitalTests.framework */ = {isa = PBXFileReference; explicitFileType = wrapper.framework; includeInIndex = 0; path = Pods_HabitalTests.framework; sourceTree = BUILT_PRODUCTS_DIR; };
		A3975AA2C4CE7D6F2310BD72 /* Pods-Habital-HabitalUITests.debug.xcconfig */ = {isa = PBXFileReference; includeInIndex = 1; lastKnownFileType = text.xcconfig; name = "Pods-Habital-HabitalUITests.debug.xcconfig"; path = "Target Support Files/Pods-Habital-HabitalUITests/Pods-Habital-HabitalUITests.debug.xcconfig"; sourceTree = "<group>"; };
		BA2FBAE4EE630A0B8663A62C /* Pods-Habital.debug.xcconfig */ = {isa = PBXFileReference; includeInIndex = 1; lastKnownFileType = text.xcconfig; name = "Pods-Habital.debug.xcconfig"; path = "Target Support Files/Pods-Habital/Pods-Habital.debug.xcconfig"; sourceTree = "<group>"; };
		EBBC005BEF36B5F9550F2B12 /* Pods-HabitalTests.debug.xcconfig */ = {isa = PBXFileReference; includeInIndex = 1; lastKnownFileType = text.xcconfig; name = "Pods-HabitalTests.debug.xcconfig"; path = "Target Support Files/Pods-HabitalTests/Pods-HabitalTests.debug.xcconfig"; sourceTree = "<group>"; };
		F26990BF25FC6DFC00E37781 /* Habital.app */ = {isa = PBXFileReference; explicitFileType = wrapper.application; includeInIndex = 0; path = Habital.app; sourceTree = BUILT_PRODUCTS_DIR; };
		F26990C225FC6DFC00E37781 /* HabitalApp.swift */ = {isa = PBXFileReference; lastKnownFileType = sourcecode.swift; path = HabitalApp.swift; sourceTree = "<group>"; };
		F26990C425FC6DFC00E37781 /* ContentView.swift */ = {isa = PBXFileReference; lastKnownFileType = sourcecode.swift; path = ContentView.swift; sourceTree = "<group>"; };
		F26990C625FC6DFD00E37781 /* Assets.xcassets */ = {isa = PBXFileReference; lastKnownFileType = folder.assetcatalog; path = Assets.xcassets; sourceTree = "<group>"; };
		F26990C925FC6DFD00E37781 /* Preview Assets.xcassets */ = {isa = PBXFileReference; lastKnownFileType = folder.assetcatalog; path = "Preview Assets.xcassets"; sourceTree = "<group>"; };
		F26990CB25FC6DFD00E37781 /* Persistence.swift */ = {isa = PBXFileReference; lastKnownFileType = sourcecode.swift; path = Persistence.swift; sourceTree = "<group>"; };
		F26990CE25FC6DFD00E37781 /* Habital.xcdatamodel */ = {isa = PBXFileReference; lastKnownFileType = wrapper.xcdatamodel; path = Habital.xcdatamodel; sourceTree = "<group>"; };
		F26990D025FC6DFD00E37781 /* Info.plist */ = {isa = PBXFileReference; lastKnownFileType = text.plist.xml; path = Info.plist; sourceTree = "<group>"; };
		F26990D525FC6DFD00E37781 /* HabitalTests.xctest */ = {isa = PBXFileReference; explicitFileType = wrapper.cfbundle; includeInIndex = 0; path = HabitalTests.xctest; sourceTree = BUILT_PRODUCTS_DIR; };
		F26990D925FC6DFD00E37781 /* HabitalTests.swift */ = {isa = PBXFileReference; lastKnownFileType = sourcecode.swift; path = HabitalTests.swift; sourceTree = "<group>"; };
		F26990DB25FC6DFD00E37781 /* Info.plist */ = {isa = PBXFileReference; lastKnownFileType = text.plist.xml; path = Info.plist; sourceTree = "<group>"; };
		F26990E025FC6DFD00E37781 /* HabitalUITests.xctest */ = {isa = PBXFileReference; explicitFileType = wrapper.cfbundle; includeInIndex = 0; path = HabitalUITests.xctest; sourceTree = BUILT_PRODUCTS_DIR; };
		F26990E425FC6DFD00E37781 /* HabitalUITests.swift */ = {isa = PBXFileReference; lastKnownFileType = sourcecode.swift; path = HabitalUITests.swift; sourceTree = "<group>"; };
		F26990E625FC6DFD00E37781 /* Info.plist */ = {isa = PBXFileReference; lastKnownFileType = text.plist.xml; path = Info.plist; sourceTree = "<group>"; };
		F269910C25FDAB2800E37781 /* Launch Screen.storyboard */ = {isa = PBXFileReference; lastKnownFileType = file.storyboard; path = "Launch Screen.storyboard"; sourceTree = "<group>"; };
		F285BC9D25FED33500DA9459 /* CreateVew.swift */ = {isa = PBXFileReference; lastKnownFileType = sourcecode.swift; path = CreateVew.swift; sourceTree = "<group>"; };
		F7845BAA0749EB37A0E9070C /* Pods_Habital.framework */ = {isa = PBXFileReference; explicitFileType = wrapper.framework; includeInIndex = 0; path = Pods_Habital.framework; sourceTree = BUILT_PRODUCTS_DIR; };
		F889212302430D721F27EF78 /* Pods-Habital-HabitalUITests.release.xcconfig */ = {isa = PBXFileReference; includeInIndex = 1; lastKnownFileType = text.xcconfig; name = "Pods-Habital-HabitalUITests.release.xcconfig"; path = "Target Support Files/Pods-Habital-HabitalUITests/Pods-Habital-HabitalUITests.release.xcconfig"; sourceTree = "<group>"; };
/* End PBXFileReference section */

/* Begin PBXFrameworksBuildPhase section */
		F26990BC25FC6DFC00E37781 /* Frameworks */ = {
			isa = PBXFrameworksBuildPhase;
			buildActionMask = 2147483647;
			files = (
				35BC01F1B9B8430BAE06A64B /* Pods_Habital.framework in Frameworks */,
			);
			runOnlyForDeploymentPostprocessing = 0;
		};
		F26990D225FC6DFD00E37781 /* Frameworks */ = {
			isa = PBXFrameworksBuildPhase;
			buildActionMask = 2147483647;
			files = (
				534E16ACFEC8A2405532648C /* Pods_HabitalTests.framework in Frameworks */,
			);
			runOnlyForDeploymentPostprocessing = 0;
		};
		F26990DD25FC6DFD00E37781 /* Frameworks */ = {
			isa = PBXFrameworksBuildPhase;
			buildActionMask = 2147483647;
			files = (
				DD9248C1B8FA71C21732CE45 /* Pods_Habital_HabitalUITests.framework in Frameworks */,
			);
			runOnlyForDeploymentPostprocessing = 0;
		};
/* End PBXFrameworksBuildPhase section */

/* Begin PBXGroup section */
		3D80F8F1B8BCBFB03B5E3B48 /* Pods */ = {
			isa = PBXGroup;
			children = (
				BA2FBAE4EE630A0B8663A62C /* Pods-Habital.debug.xcconfig */,
				43E96E17EBFE07A6B967A5F8 /* Pods-Habital.release.xcconfig */,
				A3975AA2C4CE7D6F2310BD72 /* Pods-Habital-HabitalUITests.debug.xcconfig */,
				F889212302430D721F27EF78 /* Pods-Habital-HabitalUITests.release.xcconfig */,
				EBBC005BEF36B5F9550F2B12 /* Pods-HabitalTests.debug.xcconfig */,
				748FEE3813078D69C186E709 /* Pods-HabitalTests.release.xcconfig */,
			);
			path = Pods;
			sourceTree = "<group>";
		};
		AA49925457958E517EAF81FA /* Frameworks */ = {
			isa = PBXGroup;
			children = (
				F7845BAA0749EB37A0E9070C /* Pods_Habital.framework */,
				5E5BE1A22BD0EE7069AE3DC6 /* Pods_Habital_HabitalUITests.framework */,
				89B6306BC88FB84B4D7F7965 /* Pods_HabitalTests.framework */,
			);
			name = Frameworks;
			sourceTree = "<group>";
		};
		F26990B625FC6DFC00E37781 = {
			isa = PBXGroup;
			children = (
				F26990C125FC6DFC00E37781 /* Habital */,
				F26990D825FC6DFD00E37781 /* HabitalTests */,
				F26990E325FC6DFD00E37781 /* HabitalUITests */,
				F26990C025FC6DFC00E37781 /* Products */,
				3D80F8F1B8BCBFB03B5E3B48 /* Pods */,
				AA49925457958E517EAF81FA /* Frameworks */,
			);
			sourceTree = "<group>";
		};
		F26990C025FC6DFC00E37781 /* Products */ = {
			isa = PBXGroup;
			children = (
				F26990BF25FC6DFC00E37781 /* Habital.app */,
				F26990D525FC6DFD00E37781 /* HabitalTests.xctest */,
				F26990E025FC6DFD00E37781 /* HabitalUITests.xctest */,
			);
			name = Products;
			sourceTree = "<group>";
		};
		F26990C125FC6DFC00E37781 /* Habital */ = {
			isa = PBXGroup;
			children = (
				F26990C225FC6DFC00E37781 /* HabitalApp.swift */,
				F269910525FCD1C000E37781 /* Model */,
				F269910725FCD1ED00E37781 /* Helpers */,
				F269910625FCD1D100E37781 /* SubViews */,
				F269910825FCD1F700E37781 /* Scene */,
				F26990C625FC6DFD00E37781 /* Assets.xcassets */,
				F26990CB25FC6DFD00E37781 /* Persistence.swift */,
				F26990D025FC6DFD00E37781 /* Info.plist */,
				F26990CD25FC6DFD00E37781 /* Habital.xcdatamodeld */,
				F269910C25FDAB2800E37781 /* Launch Screen.storyboard */,
				F26990C825FC6DFD00E37781 /* Preview Content */,
			);
			path = Habital;
			sourceTree = "<group>";
		};
		F26990C825FC6DFD00E37781 /* Preview Content */ = {
			isa = PBXGroup;
			children = (
				F26990C925FC6DFD00E37781 /* Preview Assets.xcassets */,
			);
			path = "Preview Content";
			sourceTree = "<group>";
		};
		F26990D825FC6DFD00E37781 /* HabitalTests */ = {
			isa = PBXGroup;
			children = (
				F26990D925FC6DFD00E37781 /* HabitalTests.swift */,
				F26990DB25FC6DFD00E37781 /* Info.plist */,
			);
			path = HabitalTests;
			sourceTree = "<group>";
		};
		F26990E325FC6DFD00E37781 /* HabitalUITests */ = {
			isa = PBXGroup;
			children = (
				F26990E425FC6DFD00E37781 /* HabitalUITests.swift */,
				F26990E625FC6DFD00E37781 /* Info.plist */,
			);
			path = HabitalUITests;
			sourceTree = "<group>";
		};
		F269910525FCD1C000E37781 /* Model */ = {
			isa = PBXGroup;
			children = (
			);
			path = Model;
			sourceTree = "<group>";
		};
		F269910625FCD1D100E37781 /* SubViews */ = {
			isa = PBXGroup;
			children = (
			);
			path = SubViews;
			sourceTree = "<group>";
		};
		F269910725FCD1ED00E37781 /* Helpers */ = {
			isa = PBXGroup;
			children = (
			);
			path = Helpers;
			sourceTree = "<group>";
		};
		F269910825FCD1F700E37781 /* Scene */ = {
			isa = PBXGroup;
			children = (
				F26990C425FC6DFC00E37781 /* ContentView.swift */,
				F285BC9D25FED33500DA9459 /* CreateVew.swift */,
			);
			path = Scene;
			sourceTree = "<group>";
		};
/* End PBXGroup section */

/* Begin PBXNativeTarget section */
		F26990BE25FC6DFC00E37781 /* Habital */ = {
			isa = PBXNativeTarget;
			buildConfigurationList = F26990E925FC6DFD00E37781 /* Build configuration list for PBXNativeTarget "Habital" */;
			buildPhases = (
				305C3F91671848998DBF4C22 /* [CP] Check Pods Manifest.lock */,
				F26990BB25FC6DFC00E37781 /* Sources */,
				F26990BC25FC6DFC00E37781 /* Frameworks */,
				F26990BD25FC6DFC00E37781 /* Resources */,
				7B41680D267F3A1DB464C022 /* [CP] Embed Pods Frameworks */,
			);
			buildRules = (
			);
			dependencies = (
			);
			name = Habital;
			productName = Habital;
			productReference = F26990BF25FC6DFC00E37781 /* Habital.app */;
			productType = "com.apple.product-type.application";
		};
		F26990D425FC6DFD00E37781 /* HabitalTests */ = {
			isa = PBXNativeTarget;
			buildConfigurationList = F26990EC25FC6DFD00E37781 /* Build configuration list for PBXNativeTarget "HabitalTests" */;
			buildPhases = (
				2724478B9874CC70DFDF6DBE /* [CP] Check Pods Manifest.lock */,
				F26990D125FC6DFD00E37781 /* Sources */,
				F26990D225FC6DFD00E37781 /* Frameworks */,
				F26990D325FC6DFD00E37781 /* Resources */,
			);
			buildRules = (
			);
			dependencies = (
				F26990D725FC6DFD00E37781 /* PBXTargetDependency */,
			);
			name = HabitalTests;
			productName = HabitalTests;
			productReference = F26990D525FC6DFD00E37781 /* HabitalTests.xctest */;
			productType = "com.apple.product-type.bundle.unit-test";
		};
		F26990DF25FC6DFD00E37781 /* HabitalUITests */ = {
			isa = PBXNativeTarget;
			buildConfigurationList = F26990EF25FC6DFD00E37781 /* Build configuration list for PBXNativeTarget "HabitalUITests" */;
			buildPhases = (
				4FFC8E52D747D7A03271E9B3 /* [CP] Check Pods Manifest.lock */,
				F26990DC25FC6DFD00E37781 /* Sources */,
				F26990DD25FC6DFD00E37781 /* Frameworks */,
				F26990DE25FC6DFD00E37781 /* Resources */,
				780078D1DBC8EDF103274E55 /* [CP] Embed Pods Frameworks */,
			);
			buildRules = (
			);
			dependencies = (
				F26990E225FC6DFD00E37781 /* PBXTargetDependency */,
			);
			name = HabitalUITests;
			productName = HabitalUITests;
			productReference = F26990E025FC6DFD00E37781 /* HabitalUITests.xctest */;
			productType = "com.apple.product-type.bundle.ui-testing";
		};
/* End PBXNativeTarget section */

/* Begin PBXProject section */
		F26990B725FC6DFC00E37781 /* Project object */ = {
			isa = PBXProject;
			attributes = {
				LastSwiftUpdateCheck = 1240;
				LastUpgradeCheck = 1240;
				TargetAttributes = {
					F26990BE25FC6DFC00E37781 = {
						CreatedOnToolsVersion = 12.4;
					};
					F26990D425FC6DFD00E37781 = {
						CreatedOnToolsVersion = 12.4;
						TestTargetID = F26990BE25FC6DFC00E37781;
					};
					F26990DF25FC6DFD00E37781 = {
						CreatedOnToolsVersion = 12.4;
						TestTargetID = F26990BE25FC6DFC00E37781;
					};
				};
			};
			buildConfigurationList = F26990BA25FC6DFC00E37781 /* Build configuration list for PBXProject "Habital" */;
			compatibilityVersion = "Xcode 9.3";
			developmentRegion = en;
			hasScannedForEncodings = 0;
			knownRegions = (
				en,
				Base,
			);
			mainGroup = F26990B625FC6DFC00E37781;
			productRefGroup = F26990C025FC6DFC00E37781 /* Products */;
			projectDirPath = "";
			projectRoot = "";
			targets = (
				F26990BE25FC6DFC00E37781 /* Habital */,
				F26990D425FC6DFD00E37781 /* HabitalTests */,
				F26990DF25FC6DFD00E37781 /* HabitalUITests */,
			);
		};
/* End PBXProject section */

/* Begin PBXResourcesBuildPhase section */
		F26990BD25FC6DFC00E37781 /* Resources */ = {
			isa = PBXResourcesBuildPhase;
			buildActionMask = 2147483647;
			files = (
				F269910D25FDAB2800E37781 /* Launch Screen.storyboard in Resources */,
				F26990CA25FC6DFD00E37781 /* Preview Assets.xcassets in Resources */,
				F26990C725FC6DFD00E37781 /* Assets.xcassets in Resources */,
			);
			runOnlyForDeploymentPostprocessing = 0;
		};
		F26990D325FC6DFD00E37781 /* Resources */ = {
			isa = PBXResourcesBuildPhase;
			buildActionMask = 2147483647;
			files = (
			);
			runOnlyForDeploymentPostprocessing = 0;
		};
		F26990DE25FC6DFD00E37781 /* Resources */ = {
			isa = PBXResourcesBuildPhase;
			buildActionMask = 2147483647;
			files = (
			);
			runOnlyForDeploymentPostprocessing = 0;
		};
/* End PBXResourcesBuildPhase section */

/* Begin PBXShellScriptBuildPhase section */
		2724478B9874CC70DFDF6DBE /* [CP] Check Pods Manifest.lock */ = {
			isa = PBXShellScriptBuildPhase;
			buildActionMask = 2147483647;
			files = (
			);
			inputFileListPaths = (
			);
			inputPaths = (
				"${PODS_PODFILE_DIR_PATH}/Podfile.lock",
				"${PODS_ROOT}/Manifest.lock",
			);
			name = "[CP] Check Pods Manifest.lock";
			outputFileListPaths = (
			);
			outputPaths = (
				"$(DERIVED_FILE_DIR)/Pods-HabitalTests-checkManifestLockResult.txt",
			);
			runOnlyForDeploymentPostprocessing = 0;
			shellPath = /bin/sh;
			shellScript = "diff \"${PODS_PODFILE_DIR_PATH}/Podfile.lock\" \"${PODS_ROOT}/Manifest.lock\" > /dev/null\nif [ $? != 0 ] ; then\n    # print error to STDERR\n    echo \"error: The sandbox is not in sync with the Podfile.lock. Run 'pod install' or update your CocoaPods installation.\" >&2\n    exit 1\nfi\n# This output is used by Xcode 'outputs' to avoid re-running this script phase.\necho \"SUCCESS\" > \"${SCRIPT_OUTPUT_FILE_0}\"\n";
			showEnvVarsInLog = 0;
		};
		305C3F91671848998DBF4C22 /* [CP] Check Pods Manifest.lock */ = {
			isa = PBXShellScriptBuildPhase;
			buildActionMask = 2147483647;
			files = (
			);
			inputFileListPaths = (
			);
			inputPaths = (
				"${PODS_PODFILE_DIR_PATH}/Podfile.lock",
				"${PODS_ROOT}/Manifest.lock",
			);
			name = "[CP] Check Pods Manifest.lock";
			outputFileListPaths = (
			);
			outputPaths = (
				"$(DERIVED_FILE_DIR)/Pods-Habital-checkManifestLockResult.txt",
			);
			runOnlyForDeploymentPostprocessing = 0;
			shellPath = /bin/sh;
			shellScript = "diff \"${PODS_PODFILE_DIR_PATH}/Podfile.lock\" \"${PODS_ROOT}/Manifest.lock\" > /dev/null\nif [ $? != 0 ] ; then\n    # print error to STDERR\n    echo \"error: The sandbox is not in sync with the Podfile.lock. Run 'pod install' or update your CocoaPods installation.\" >&2\n    exit 1\nfi\n# This output is used by Xcode 'outputs' to avoid re-running this script phase.\necho \"SUCCESS\" > \"${SCRIPT_OUTPUT_FILE_0}\"\n";
			showEnvVarsInLog = 0;
		};
		4FFC8E52D747D7A03271E9B3 /* [CP] Check Pods Manifest.lock */ = {
			isa = PBXShellScriptBuildPhase;
			buildActionMask = 2147483647;
			files = (
			);
			inputFileListPaths = (
			);
			inputPaths = (
				"${PODS_PODFILE_DIR_PATH}/Podfile.lock",
				"${PODS_ROOT}/Manifest.lock",
			);
			name = "[CP] Check Pods Manifest.lock";
			outputFileListPaths = (
			);
			outputPaths = (
				"$(DERIVED_FILE_DIR)/Pods-Habital-HabitalUITests-checkManifestLockResult.txt",
			);
			runOnlyForDeploymentPostprocessing = 0;
			shellPath = /bin/sh;
			shellScript = "diff \"${PODS_PODFILE_DIR_PATH}/Podfile.lock\" \"${PODS_ROOT}/Manifest.lock\" > /dev/null\nif [ $? != 0 ] ; then\n    # print error to STDERR\n    echo \"error: The sandbox is not in sync with the Podfile.lock. Run 'pod install' or update your CocoaPods installation.\" >&2\n    exit 1\nfi\n# This output is used by Xcode 'outputs' to avoid re-running this script phase.\necho \"SUCCESS\" > \"${SCRIPT_OUTPUT_FILE_0}\"\n";
			showEnvVarsInLog = 0;
		};
		780078D1DBC8EDF103274E55 /* [CP] Embed Pods Frameworks */ = {
			isa = PBXShellScriptBuildPhase;
			buildActionMask = 2147483647;
			files = (
			);
			inputFileListPaths = (
				"${PODS_ROOT}/Target Support Files/Pods-Habital-HabitalUITests/Pods-Habital-HabitalUITests-frameworks-${CONFIGURATION}-input-files.xcfilelist",
			);
			name = "[CP] Embed Pods Frameworks";
			outputFileListPaths = (
				"${PODS_ROOT}/Target Support Files/Pods-Habital-HabitalUITests/Pods-Habital-HabitalUITests-frameworks-${CONFIGURATION}-output-files.xcfilelist",
			);
			runOnlyForDeploymentPostprocessing = 0;
			shellPath = /bin/sh;
			shellScript = "\"${PODS_ROOT}/Target Support Files/Pods-Habital-HabitalUITests/Pods-Habital-HabitalUITests-frameworks.sh\"\n";
			showEnvVarsInLog = 0;
		};
		7B41680D267F3A1DB464C022 /* [CP] Embed Pods Frameworks */ = {
			isa = PBXShellScriptBuildPhase;
			buildActionMask = 2147483647;
			files = (
			);
			inputFileListPaths = (
				"${PODS_ROOT}/Target Support Files/Pods-Habital/Pods-Habital-frameworks-${CONFIGURATION}-input-files.xcfilelist",
			);
			name = "[CP] Embed Pods Frameworks";
			outputFileListPaths = (
				"${PODS_ROOT}/Target Support Files/Pods-Habital/Pods-Habital-frameworks-${CONFIGURATION}-output-files.xcfilelist",
			);
			runOnlyForDeploymentPostprocessing = 0;
			shellPath = /bin/sh;
			shellScript = "\"${PODS_ROOT}/Target Support Files/Pods-Habital/Pods-Habital-frameworks.sh\"\n";
			showEnvVarsInLog = 0;
		};
/* End PBXShellScriptBuildPhase section */

/* Begin PBXSourcesBuildPhase section */
		F26990BB25FC6DFC00E37781 /* Sources */ = {
			isa = PBXSourcesBuildPhase;
			buildActionMask = 2147483647;
			files = (
				F26990CC25FC6DFD00E37781 /* Persistence.swift in Sources */,
				F26990CF25FC6DFD00E37781 /* Habital.xcdatamodeld in Sources */,
				F26990C525FC6DFC00E37781 /* ContentView.swift in Sources */,
				F285BC9E25FED33500DA9459 /* CreateVew.swift in Sources */,
				F26990C325FC6DFC00E37781 /* HabitalApp.swift in Sources */,
			);
			runOnlyForDeploymentPostprocessing = 0;
		};
		F26990D125FC6DFD00E37781 /* Sources */ = {
			isa = PBXSourcesBuildPhase;
			buildActionMask = 2147483647;
			files = (
				F26990DA25FC6DFD00E37781 /* HabitalTests.swift in Sources */,
			);
			runOnlyForDeploymentPostprocessing = 0;
		};
		F26990DC25FC6DFD00E37781 /* Sources */ = {
			isa = PBXSourcesBuildPhase;
			buildActionMask = 2147483647;
			files = (
				F26990E525FC6DFD00E37781 /* HabitalUITests.swift in Sources */,
			);
			runOnlyForDeploymentPostprocessing = 0;
		};
/* End PBXSourcesBuildPhase section */

/* Begin PBXTargetDependency section */
		F26990D725FC6DFD00E37781 /* PBXTargetDependency */ = {
			isa = PBXTargetDependency;
			target = F26990BE25FC6DFC00E37781 /* Habital */;
			targetProxy = F26990D625FC6DFD00E37781 /* PBXContainerItemProxy */;
		};
		F26990E225FC6DFD00E37781 /* PBXTargetDependency */ = {
			isa = PBXTargetDependency;
			target = F26990BE25FC6DFC00E37781 /* Habital */;
			targetProxy = F26990E125FC6DFD00E37781 /* PBXContainerItemProxy */;
		};
/* End PBXTargetDependency section */

/* Begin XCBuildConfiguration section */
		F26990E725FC6DFD00E37781 /* Debug */ = {
			isa = XCBuildConfiguration;
			buildSettings = {
				ALWAYS_SEARCH_USER_PATHS = NO;
				CLANG_ANALYZER_NONNULL = YES;
				CLANG_ANALYZER_NUMBER_OBJECT_CONVERSION = YES_AGGRESSIVE;
				CLANG_CXX_LANGUAGE_STANDARD = "gnu++14";
				CLANG_CXX_LIBRARY = "libc++";
				CLANG_ENABLE_MODULES = YES;
				CLANG_ENABLE_OBJC_ARC = YES;
				CLANG_ENABLE_OBJC_WEAK = YES;
				CLANG_WARN_BLOCK_CAPTURE_AUTORELEASING = YES;
				CLANG_WARN_BOOL_CONVERSION = YES;
				CLANG_WARN_COMMA = YES;
				CLANG_WARN_CONSTANT_CONVERSION = YES;
				CLANG_WARN_DEPRECATED_OBJC_IMPLEMENTATIONS = YES;
				CLANG_WARN_DIRECT_OBJC_ISA_USAGE = YES_ERROR;
				CLANG_WARN_DOCUMENTATION_COMMENTS = YES;
				CLANG_WARN_EMPTY_BODY = YES;
				CLANG_WARN_ENUM_CONVERSION = YES;
				CLANG_WARN_INFINITE_RECURSION = YES;
				CLANG_WARN_INT_CONVERSION = YES;
				CLANG_WARN_NON_LITERAL_NULL_CONVERSION = YES;
				CLANG_WARN_OBJC_IMPLICIT_RETAIN_SELF = YES;
				CLANG_WARN_OBJC_LITERAL_CONVERSION = YES;
				CLANG_WARN_OBJC_ROOT_CLASS = YES_ERROR;
				CLANG_WARN_QUOTED_INCLUDE_IN_FRAMEWORK_HEADER = YES;
				CLANG_WARN_RANGE_LOOP_ANALYSIS = YES;
				CLANG_WARN_STRICT_PROTOTYPES = YES;
				CLANG_WARN_SUSPICIOUS_MOVE = YES;
				CLANG_WARN_UNGUARDED_AVAILABILITY = YES_AGGRESSIVE;
				CLANG_WARN_UNREACHABLE_CODE = YES;
				CLANG_WARN__DUPLICATE_METHOD_MATCH = YES;
				COPY_PHASE_STRIP = NO;
				DEBUG_INFORMATION_FORMAT = dwarf;
				ENABLE_STRICT_OBJC_MSGSEND = YES;
				ENABLE_TESTABILITY = YES;
				GCC_C_LANGUAGE_STANDARD = gnu11;
				GCC_DYNAMIC_NO_PIC = NO;
				GCC_NO_COMMON_BLOCKS = YES;
				GCC_OPTIMIZATION_LEVEL = 0;
				GCC_PREPROCESSOR_DEFINITIONS = (
					"DEBUG=1",
					"$(inherited)",
				);
				GCC_WARN_64_TO_32_BIT_CONVERSION = YES;
				GCC_WARN_ABOUT_RETURN_TYPE = YES_ERROR;
				GCC_WARN_UNDECLARED_SELECTOR = YES;
				GCC_WARN_UNINITIALIZED_AUTOS = YES_AGGRESSIVE;
				GCC_WARN_UNUSED_FUNCTION = YES;
				GCC_WARN_UNUSED_VARIABLE = YES;
				IPHONEOS_DEPLOYMENT_TARGET = 14.4;
				MTL_ENABLE_DEBUG_INFO = INCLUDE_SOURCE;
				MTL_FAST_MATH = YES;
				ONLY_ACTIVE_ARCH = YES;
				SDKROOT = iphoneos;
				SWIFT_ACTIVE_COMPILATION_CONDITIONS = DEBUG;
				SWIFT_OPTIMIZATION_LEVEL = "-Onone";
			};
			name = Debug;
		};
		F26990E825FC6DFD00E37781 /* Release */ = {
			isa = XCBuildConfiguration;
			buildSettings = {
				ALWAYS_SEARCH_USER_PATHS = NO;
				CLANG_ANALYZER_NONNULL = YES;
				CLANG_ANALYZER_NUMBER_OBJECT_CONVERSION = YES_AGGRESSIVE;
				CLANG_CXX_LANGUAGE_STANDARD = "gnu++14";
				CLANG_CXX_LIBRARY = "libc++";
				CLANG_ENABLE_MODULES = YES;
				CLANG_ENABLE_OBJC_ARC = YES;
				CLANG_ENABLE_OBJC_WEAK = YES;
				CLANG_WARN_BLOCK_CAPTURE_AUTORELEASING = YES;
				CLANG_WARN_BOOL_CONVERSION = YES;
				CLANG_WARN_COMMA = YES;
				CLANG_WARN_CONSTANT_CONVERSION = YES;
				CLANG_WARN_DEPRECATED_OBJC_IMPLEMENTATIONS = YES;
				CLANG_WARN_DIRECT_OBJC_ISA_USAGE = YES_ERROR;
				CLANG_WARN_DOCUMENTATION_COMMENTS = YES;
				CLANG_WARN_EMPTY_BODY = YES;
				CLANG_WARN_ENUM_CONVERSION = YES;
				CLANG_WARN_INFINITE_RECURSION = YES;
				CLANG_WARN_INT_CONVERSION = YES;
				CLANG_WARN_NON_LITERAL_NULL_CONVERSION = YES;
				CLANG_WARN_OBJC_IMPLICIT_RETAIN_SELF = YES;
				CLANG_WARN_OBJC_LITERAL_CONVERSION = YES;
				CLANG_WARN_OBJC_ROOT_CLASS = YES_ERROR;
				CLANG_WARN_QUOTED_INCLUDE_IN_FRAMEWORK_HEADER = YES;
				CLANG_WARN_RANGE_LOOP_ANALYSIS = YES;
				CLANG_WARN_STRICT_PROTOTYPES = YES;
				CLANG_WARN_SUSPICIOUS_MOVE = YES;
				CLANG_WARN_UNGUARDED_AVAILABILITY = YES_AGGRESSIVE;
				CLANG_WARN_UNREACHABLE_CODE = YES;
				CLANG_WARN__DUPLICATE_METHOD_MATCH = YES;
				COPY_PHASE_STRIP = NO;
				DEBUG_INFORMATION_FORMAT = "dwarf-with-dsym";
				ENABLE_NS_ASSERTIONS = NO;
				ENABLE_STRICT_OBJC_MSGSEND = YES;
				GCC_C_LANGUAGE_STANDARD = gnu11;
				GCC_NO_COMMON_BLOCKS = YES;
				GCC_WARN_64_TO_32_BIT_CONVERSION = YES;
				GCC_WARN_ABOUT_RETURN_TYPE = YES_ERROR;
				GCC_WARN_UNDECLARED_SELECTOR = YES;
				GCC_WARN_UNINITIALIZED_AUTOS = YES_AGGRESSIVE;
				GCC_WARN_UNUSED_FUNCTION = YES;
				GCC_WARN_UNUSED_VARIABLE = YES;
				IPHONEOS_DEPLOYMENT_TARGET = 14.4;
				MTL_ENABLE_DEBUG_INFO = NO;
				MTL_FAST_MATH = YES;
				SDKROOT = iphoneos;
				SWIFT_COMPILATION_MODE = wholemodule;
				SWIFT_OPTIMIZATION_LEVEL = "-O";
				VALIDATE_PRODUCT = YES;
			};
			name = Release;
		};
		F26990EA25FC6DFD00E37781 /* Debug */ = {
			isa = XCBuildConfiguration;
			baseConfigurationReference = BA2FBAE4EE630A0B8663A62C /* Pods-Habital.debug.xcconfig */;
			buildSettings = {
				ASSETCATALOG_COMPILER_APPICON_NAME = AppIcon;
				ASSETCATALOG_COMPILER_GLOBAL_ACCENT_COLOR_NAME = AccentColor;
				CODE_SIGN_STYLE = Automatic;
				DEVELOPMENT_ASSET_PATHS = "\"Habital/Preview Content\"";
				DEVELOPMENT_TEAM = 69MAR4S32D;
				ENABLE_PREVIEWS = YES;
				INFOPLIST_FILE = Habital/Info.plist;
				IPHONEOS_DEPLOYMENT_TARGET = 14.0;
				LD_RUNPATH_SEARCH_PATHS = (
					"$(inherited)",
					"@executable_path/Frameworks",
				);
				PRODUCT_BUNDLE_IDENTIFIER = com.TaishiKusunose.Habital;
				PRODUCT_NAME = "$(TARGET_NAME)";
				SWIFT_VERSION = 5.0;
				TARGETED_DEVICE_FAMILY = "1,2";
			};
			name = Debug;
		};
		F26990EB25FC6DFD00E37781 /* Release */ = {
			isa = XCBuildConfiguration;
			baseConfigurationReference = 43E96E17EBFE07A6B967A5F8 /* Pods-Habital.release.xcconfig */;
			buildSettings = {
				ASSETCATALOG_COMPILER_APPICON_NAME = AppIcon;
				ASSETCATALOG_COMPILER_GLOBAL_ACCENT_COLOR_NAME = AccentColor;
				CODE_SIGN_STYLE = Automatic;
				DEVELOPMENT_ASSET_PATHS = "\"Habital/Preview Content\"";
				DEVELOPMENT_TEAM = 69MAR4S32D;
				ENABLE_PREVIEWS = YES;
				INFOPLIST_FILE = Habital/Info.plist;
				IPHONEOS_DEPLOYMENT_TARGET = 14.0;
				LD_RUNPATH_SEARCH_PATHS = (
					"$(inherited)",
					"@executable_path/Frameworks",
				);
				PRODUCT_BUNDLE_IDENTIFIER = com.TaishiKusunose.Habital;
				PRODUCT_NAME = "$(TARGET_NAME)";
				SWIFT_VERSION = 5.0;
				TARGETED_DEVICE_FAMILY = "1,2";
			};
			name = Release;
		};
		F26990ED25FC6DFD00E37781 /* Debug */ = {
			isa = XCBuildConfiguration;
			baseConfigurationReference = EBBC005BEF36B5F9550F2B12 /* Pods-HabitalTests.debug.xcconfig */;
			buildSettings = {
				ALWAYS_EMBED_SWIFT_STANDARD_LIBRARIES = YES;
				BUNDLE_LOADER = "$(TEST_HOST)";
				CODE_SIGN_STYLE = Automatic;
				DEVELOPMENT_TEAM = 69MAR4S32D;
				INFOPLIST_FILE = HabitalTests/Info.plist;
				IPHONEOS_DEPLOYMENT_TARGET = 14.0;
				LD_RUNPATH_SEARCH_PATHS = (
					"$(inherited)",
					"@executable_path/Frameworks",
					"@loader_path/Frameworks",
				);
				PRODUCT_BUNDLE_IDENTIFIER = com.TaishiKusunose.HabitalTests;
				PRODUCT_NAME = "$(TARGET_NAME)";
				SWIFT_VERSION = 5.0;
				TARGETED_DEVICE_FAMILY = "1,2";
				TEST_HOST = "$(BUILT_PRODUCTS_DIR)/Habital.app/Habital";
			};
			name = Debug;
		};
		F26990EE25FC6DFD00E37781 /* Release */ = {
			isa = XCBuildConfiguration;
			baseConfigurationReference = 748FEE3813078D69C186E709 /* Pods-HabitalTests.release.xcconfig */;
			buildSettings = {
				ALWAYS_EMBED_SWIFT_STANDARD_LIBRARIES = YES;
				BUNDLE_LOADER = "$(TEST_HOST)";
				CODE_SIGN_STYLE = Automatic;
				DEVELOPMENT_TEAM = 69MAR4S32D;
				INFOPLIST_FILE = HabitalTests/Info.plist;
				IPHONEOS_DEPLOYMENT_TARGET = 14.0;
				LD_RUNPATH_SEARCH_PATHS = (
					"$(inherited)",
					"@executable_path/Frameworks",
					"@loader_path/Frameworks",
				);
				PRODUCT_BUNDLE_IDENTIFIER = com.TaishiKusunose.HabitalTests;
				PRODUCT_NAME = "$(TARGET_NAME)";
				SWIFT_VERSION = 5.0;
				TARGETED_DEVICE_FAMILY = "1,2";
				TEST_HOST = "$(BUILT_PRODUCTS_DIR)/Habital.app/Habital";
			};
			name = Release;
		};
		F26990F025FC6DFD00E37781 /* Debug */ = {
			isa = XCBuildConfiguration;
			baseConfigurationReference = A3975AA2C4CE7D6F2310BD72 /* Pods-Habital-HabitalUITests.debug.xcconfig */;
			buildSettings = {
				ALWAYS_EMBED_SWIFT_STANDARD_LIBRARIES = YES;
				CODE_SIGN_STYLE = Automatic;
				DEVELOPMENT_TEAM = 69MAR4S32D;
				INFOPLIST_FILE = HabitalUITests/Info.plist;
				LD_RUNPATH_SEARCH_PATHS = (
					"$(inherited)",
					"@executable_path/Frameworks",
					"@loader_path/Frameworks",
				);
				PRODUCT_BUNDLE_IDENTIFIER = com.TaishiKusunose.HabitalUITests;
				PRODUCT_NAME = "$(TARGET_NAME)";
				SWIFT_VERSION = 5.0;
				TARGETED_DEVICE_FAMILY = "1,2";
				TEST_TARGET_NAME = Habital;
			};
			name = Debug;
		};
		F26990F125FC6DFD00E37781 /* Release */ = {
			isa = XCBuildConfiguration;
			baseConfigurationReference = F889212302430D721F27EF78 /* Pods-Habital-HabitalUITests.release.xcconfig */;
			buildSettings = {
				ALWAYS_EMBED_SWIFT_STANDARD_LIBRARIES = YES;
				CODE_SIGN_STYLE = Automatic;
				DEVELOPMENT_TEAM = 69MAR4S32D;
				INFOPLIST_FILE = HabitalUITests/Info.plist;
				LD_RUNPATH_SEARCH_PATHS = (
					"$(inherited)",
					"@executable_path/Frameworks",
					"@loader_path/Frameworks",
				);
				PRODUCT_BUNDLE_IDENTIFIER = com.TaishiKusunose.HabitalUITests;
				PRODUCT_NAME = "$(TARGET_NAME)";
				SWIFT_VERSION = 5.0;
				TARGETED_DEVICE_FAMILY = "1,2";
				TEST_TARGET_NAME = Habital;
			};
			name = Release;
		};
/* End XCBuildConfiguration section */

/* Begin XCConfigurationList section */
		F26990BA25FC6DFC00E37781 /* Build configuration list for PBXProject "Habital" */ = {
			isa = XCConfigurationList;
			buildConfigurations = (
				F26990E725FC6DFD00E37781 /* Debug */,
				F26990E825FC6DFD00E37781 /* Release */,
			);
			defaultConfigurationIsVisible = 0;
			defaultConfigurationName = Release;
		};
		F26990E925FC6DFD00E37781 /* Build configuration list for PBXNativeTarget "Habital" */ = {
			isa = XCConfigurationList;
			buildConfigurations = (
				F26990EA25FC6DFD00E37781 /* Debug */,
				F26990EB25FC6DFD00E37781 /* Release */,
			);
			defaultConfigurationIsVisible = 0;
			defaultConfigurationName = Release;
		};
		F26990EC25FC6DFD00E37781 /* Build configuration list for PBXNativeTarget "HabitalTests" */ = {
			isa = XCConfigurationList;
			buildConfigurations = (
				F26990ED25FC6DFD00E37781 /* Debug */,
				F26990EE25FC6DFD00E37781 /* Release */,
			);
			defaultConfigurationIsVisible = 0;
			defaultConfigurationName = Release;
		};
		F26990EF25FC6DFD00E37781 /* Build configuration list for PBXNativeTarget "HabitalUITests" */ = {
			isa = XCConfigurationList;
			buildConfigurations = (
				F26990F025FC6DFD00E37781 /* Debug */,
				F26990F125FC6DFD00E37781 /* Release */,
			);
			defaultConfigurationIsVisible = 0;
			defaultConfigurationName = Release;
		};
/* End XCConfigurationList section */

/* Begin XCVersionGroup section */
		F26990CD25FC6DFD00E37781 /* Habital.xcdatamodeld */ = {
			isa = XCVersionGroup;
			children = (
				F26990CE25FC6DFD00E37781 /* Habital.xcdatamodel */,
			);
			currentVersion = F26990CE25FC6DFD00E37781 /* Habital.xcdatamodel */;
			path = Habital.xcdatamodeld;
			sourceTree = "<group>";
			versionGroupType = wrapper.xcdatamodel;
		};
/* End XCVersionGroup section */
	};
	rootObject = F26990B725FC6DFC00E37781 /* Project object */;
}
